
Microsoft Visual Studio Solution File, Format Version 12.00
# Visual Studio Version 16
VisualStudioVersion = 16.0.30011.22
MinimumVisualStudioVersion = 10.0.40219.1
Project("{FAE04EC0-301F-11D3-BF4B-00C04F79EFBC}") = "Assignment2", "Assignment2\Assignment2.csproj", "{8057CEE0-4043-4153-9B0A-8692F25716ED}"
EndProject
Global
	GlobalSection(SolutionConfigurationPlatforms) = preSolution
		Debug|Any CPU = Debug|Any CPU
		Release|Any CPU = Release|Any CPU
	EndGlobalSection
	GlobalSection(ProjectConfigurationPlatforms) = postSolution
		{8057CEE0-4043-4153-9B0A-8692F25716ED}.Debug|Any CPU.ActiveCfg = Debug|Any CPU
		{8057CEE0-4043-4153-9B0A-8692F25716ED}.Debug|Any CPU.Build.0 = Debug|Any CPU
		{8057CEE0-4043-4153-9B0A-8692F25716ED}.Release|Any CPU.ActiveCfg = Release|Any CPU
		{8057CEE0-4043-4153-9B0A-8692F25716ED}.Release|Any CPU.Build.0 = Release|Any CPU
	EndGlobalSection
	GlobalSection(SolutionProperties) = preSolution
		HideSolutionNode = FALSE
	EndGlobalSection
	GlobalSection(ExtensibilityGlobals) = postSolution
		SolutionGuid = {6CADE4E4-FD28-4652-88B7-887A9652C507}
	EndGlobalSection
EndGlobal
